Microsoft Visual Studio Solution File, Format Version 12.00
# Visual Studio Version 17
VisualStudioVersion = 17.5.2.0
MinimumVisualStudioVersion = 10.0.40219.1
Project("{FAE04EC0-301F-11D3-BF4B-00C04F79EFBC}") = "99bottles", "99bottles.csproj", "{2A4C7FFF-30FB-3F48-1968-B23630EBC7AD}"
EndProject
Global
	GlobalSection(SolutionConfigurationPlatforms) = preSolution
		Debug|Any CPU = Debug|Any CPU
		Release|Any CPU = Release|Any CPU
	EndGlobalSection
	GlobalSection(ProjectConfigurationPlatforms) = postSolution
		{2A4C7FFF-30FB-3F48-1968-B23630EBC7AD}.Debug|Any CPU.ActiveCfg = Debug|Any CPU
		{2A4C7FFF-30FB-3F48-1968-B23630EBC7AD}.Debug|Any CPU.Build.0 = Debug|Any CPU
		{2A4C7FFF-30FB-3F48-1968-B23630EBC7AD}.Release|Any CPU.ActiveCfg = Release|Any CPU
		{2A4C7FFF-30FB-3F48-1968-B23630EBC7AD}.Release|Any CPU.Build.0 = Release|Any CPU
	EndGlobalSection
	GlobalSection(SolutionProperties) = preSolution
		HideSolutionNode = FALSE
	EndGlobalSection
	GlobalSection(ExtensibilityGlobals) = postSolution
		SolutionGuid = {BDD1DCE7-D874-4C47-8B8F-B8C71146B6E1}
	EndGlobalSection
EndGlobal
