
Microsoft Visual Studio Solution File, Format Version 12.00
# Visual Studio Version 18
VisualStudioVersion = 18.3.11206.111
MinimumVisualStudioVersion = 10.0.40219.1
Project("{FAE04EC0-301F-11D3-BF4B-00C04F79EFBC}") = "MortgageLoanCalculator", "MortgageLoanCalculator\MortgageLoanCalculator.csproj", "{0FBA0AB8-023A-47FC-A580-3420A32D1258}"
EndProject
Project("{FAE04EC0-301F-11D3-BF4B-00C04F79EFBC}") = "MortgageCalculatorLogic", "MortgageCalculatorLogic\MortgageCalculatorLogic.csproj", "{E4A8DB9D-E296-4915-87EA-05C83FADC9A4}"
EndProject
Project("{FAE04EC0-301F-11D3-BF4B-00C04F79EFBC}") = "TestMortgageCalculatorLogic", "TestMortgageCalculatorLogic\TestMortgageCalculatorLogic.csproj", "{AE775393-6AF0-4AA6-8400-28294712F16B}"
EndProject
Project("{FAE04EC0-301F-11D3-BF4B-00C04F79EFBC}") = "CCADUtilities", "CCADUtilities\CCADUtilities.csproj", "{AB045E99-9AEE-B548-0E3D-9ED0554BE0CC}"
EndProject
Global
	GlobalSection(SolutionConfigurationPlatforms) = preSolution
		Debug|Any CPU = Debug|Any CPU
		Release|Any CPU = Release|Any CPU
	EndGlobalSection
	GlobalSection(ProjectConfigurationPlatforms) = postSolution
		{0FBA0AB8-023A-47FC-A580-3420A32D1258}.Debug|Any CPU.ActiveCfg = Debug|Any CPU
		{0FBA0AB8-023A-47FC-A580-3420A32D1258}.Debug|Any CPU.Build.0 = Debug|Any CPU
		{0FBA0AB8-023A-47FC-A580-3420A32D1258}.Release|Any CPU.ActiveCfg = Release|Any CPU
		{0FBA0AB8-023A-47FC-A580-3420A32D1258}.Release|Any CPU.Build.0 = Release|Any CPU
		{E4A8DB9D-E296-4915-87EA-05C83FADC9A4}.Debug|Any CPU.ActiveCfg = Debug|Any CPU
		{E4A8DB9D-E296-4915-87EA-05C83FADC9A4}.Debug|Any CPU.Build.0 = Debug|Any CPU
		{E4A8DB9D-E296-4915-87EA-05C83FADC9A4}.Release|Any CPU.ActiveCfg = Release|Any CPU
		{E4A8DB9D-E296-4915-87EA-05C83FADC9A4}.Release|Any CPU.Build.0 = Release|Any CPU
		{AE775393-6AF0-4AA6-8400-28294712F16B}.Debug|Any CPU.ActiveCfg = Debug|Any CPU
		{AE775393-6AF0-4AA6-8400-28294712F16B}.Debug|Any CPU.Build.0 = Debug|Any CPU
		{AE775393-6AF0-4AA6-8400-28294712F16B}.Release|Any CPU.ActiveCfg = Release|Any CPU
		{AE775393-6AF0-4AA6-8400-28294712F16B}.Release|Any CPU.Build.0 = Release|Any CPU
		{AB045E99-9AEE-B548-0E3D-9ED0554BE0CC}.Debug|Any CPU.ActiveCfg = Debug|Any CPU
		{AB045E99-9AEE-B548-0E3D-9ED0554BE0CC}.Debug|Any CPU.Build.0 = Debug|Any CPU
		{AB045E99-9AEE-B548-0E3D-9ED0554BE0CC}.Release|Any CPU.ActiveCfg = Release|Any CPU
		{AB045E99-9AEE-B548-0E3D-9ED0554BE0CC}.Release|Any CPU.Build.0 = Release|Any CPU
	EndGlobalSection
	GlobalSection(SolutionProperties) = preSolution
		HideSolutionNode = FALSE
	EndGlobalSection
EndGlobal
